version = 1
revision = 3
requires-python = ">=3.13"

[[package]]
name = "annotated-types"
version = "0.7.0"
source = { registry = "https://pypi.org/simple" }
sdist = { url = "https://files.pythonhosted.org/packages/ee/67/531ea369ba64dcff5ec9c3402f9f51bf748cec26dde048a2f973a4eea7f5/annotated_types-0.7.0.tar.gz", hash = "sha256:aff07c09a53a08bc8cfccb9c85b05f1aa9a2a6f23728d790723543408344ce89", size = 16081, upload-time = "2024-05-20T21:33:25.928Z" }
wheels = [
    { url = "https://files.pythonhosted.org/packages/78/b6/6307fbef88d9b5ee7421e68d78a9f162e0da4900bc5f5793f6d3d0e34fb8/annotated_types-0.7.0-py3-none-any.whl", hash = "sha256:1f02e8b43a8fbbc3f3e0d4f0f4bfc8131bcb4eebe8849b8e5c773f3a1c582a53", size = 13643, upload-time = "2024-05-20T21:33:24.1Z" },
]

[[package]]
name = "anyio"
version = "4.13.0"
source = { registry = "https://pypi.org/simple" }
dependencies = [
    { name = "idna" },
]
sdist = { url = "https://files.pythonhosted.org/packages/19/14/2c5dd9f512b66549ae92767a9c7b330ae88e1932ca57876909410251fe13/anyio-4.13.0.tar.gz", hash = "sha256:334b70e641fd2221c1505b3890c69882fe4a2df910cba14d97019b90b24439dc", size = 231622, upload-time = "2026-03-24T12:59:09.671Z" }
wheels = [
    { url = "https://files.pythonhosted.org/packages/da/42/e921fccf5015463e32a3cf6ee7f980a6ed0f395ceeaa45060b61d86486c2/anyio-4.13.0-py3-none-any.whl", hash = "sha256:08b310f9e24a9594186fd75b4f73f4a4152069e3853f1ed8bfbf58369f4ad708", size = 114353, upload-time = "2026-03-24T12:59:08.246Z" },
]

[[package]]
name = "certifi"
version = "2025.4.26"
source = { registry = "https://pypi.org/simple" }
sdist = { url = "https://files.pythonhosted.org/packages/e8/9e/c05b3920a3b7d20d3d3310465f50348e5b3694f4f88c6daf736eef3024c4/certifi-2025.4.26.tar.gz", hash = "sha256:0a816057ea3cdefcef70270d2c515e4506bbc954f417fa5ade2021213bb8f0c6", size = 160705, upload-time = "2025-04-26T02:12:29.51Z" }
wheels = [
    { url = "https://files.pythonhosted.org/packages/4a/7e/3db2bd1b1f9e95f7cddca6d6e75e2f2bd9f51b1246e546d88addca0106bd/certifi-2025.4.26-py3-none-any.whl", hash = "sha256:30350364dfe371162649852c63336a15c70c6510c2ad5015b21c2345311805f3", size = 159618, upload-time = "2025-04-26T02:12:27.662Z" },
]

[[package]]
name = "cffi"
version = "2.0.0"
source = { registry = "https://pypi.org/simple" }
dependencies = [
    { name = "pycparser", marker = "implementation_name != 'PyPy'" },
]
sdist = { url = "https://files.pythonhosted.org/packages/eb/56/b1ba7935a17738ae8453301356628e8147c79dbb825bcbc73dc7401f9846/cffi-2.0.0.tar.gz", hash = "sha256:44d1b5909021139fe36001ae048dbdde8214afa20200eda0f64c068cac5d5529", size = 523588, upload-time = "2025-09-08T23:24:04.541Z" }
wheels = [
    { url = "https://files.pythonhosted.org/packages/b0/1e/d22cc63332bd59b06481ceaac49d6c507598642e2230f201649058a7e704/cffi-2.0.0-cp313-cp313-manylinux1_i686.manylinux2014_i686.manylinux_2_17_i686.manylinux_2_5_i686.whl", hash = "sha256:07b271772c100085dd28b74fa0cd81c8fb1a3ba18b21e03d7c27f3436a10606b", size = 212446, upload-time = "2025-09-08T23:23:03.472Z" },
    { url = "https://files.pythonhosted.org/packages/a9/f5/a2c23eb03b61a0b8747f211eb716446c826ad66818ddc7810cc2cc19b3f2/cffi-2.0.0-cp313-cp313-manylinux2014_aarch64.manylinux_2_17_aarch64.whl", hash = "sha256:d48a880098c96020b02d5a1f7d9251308510ce8858940e6fa99ece33f610838b", size = 220101, upload-time = "2025-09-08T23:23:04.792Z" },
    { url = "https://files.pythonhosted.org/packages/f2/7f/e6647792fc5850d634695bc0e6ab4111ae88e89981d35ac269956605feba/cffi-2.0.0-cp313-cp313-manylinux2014_ppc64le.manylinux_2_17_ppc64le.whl", hash = "sha256:f93fd8e5c8c0a4aa1f424d6173f14a892044054871c771f8566e4008eaa359d2", size = 207948, upload-time = "2025-09-08T23:23:06.127Z" },
    { url = "https://files.pythonhosted.org/packages/cb/1e/a5a1bd6f1fb30f22573f76533de12a00bf274abcdc55c8edab639078abb6/cffi-2.0.0-cp313-cp313-manylinux2014_s390x.manylinux_2_17_s390x.whl", hash = "sha256:dd4f05f54a52fb558f1ba9f528228066954fee3ebe629fc1660d874d040ae5a3", size = 206422, upload-time = "2025-09-08T23:23:07.753Z" },
    { url = "https://files.pythonhosted.org/packages/98/df/0a1755e750013a2081e863e7cd37e0cdd02664372c754e5560099eb7aa44/cffi-2.0.0-cp313-cp313-manylinux2014_x86_64.manylinux_2_17_x86_64.whl", hash = "sha256:c8d3b5532fc71b7a77c09192b4a5a200ea992702734a2e9279a37f2478236f26", size = 219499, upload-time = "2025-09-08T23:23:09.648Z" },
    { url = "https://files.pythonhosted.org/packages/50/e1/a969e687fcf9ea58e6e2a928ad5e2dd88cc12f6f0ab477e9971f2309b57c/cffi-2.0.0-cp313-cp313-musllinux_1_2_aarch64.whl", hash = "sha256:d9b29c1f0ae438d5ee9acb31cadee00a58c46cc9c0b2f9038c6b0b3470877a8c", size = 222928, upload-time = "2025-09-08T23:23:10.928Z" },
    { url = "https://files.pythonhosted.org/packages/36/54/0362578dd2c9e557a28ac77698ed67323ed5b9775ca9d3fe73fe191bb5d8/cffi-2.0.0-cp313-cp313-musllinux_1_2_x86_64.whl", hash = "sha256:6d50360be4546678fc1b79ffe7a66265e28667840010348dd69a314145807a1b", size = 221302, upload-time = "2025-09-08T23:23:12.42Z" },
    { url = "https://files.pythonhosted.org/packages/d6/43/0e822876f87ea8a4ef95442c3d766a06a51fc5298823f884ef87aaad168c/cffi-2.0.0-cp314-cp314-manylinux2014_aarch64.manylinux_2_17_aarch64.whl", hash = "sha256:24b6f81f1983e6df8db3adc38562c83f7d4a0c36162885ec7f7b77c7dcbec97b", size = 220049, upload-time = "2025-09-08T23:23:20.853Z" },
    { url = "https://files.pythonhosted.org/packages/b4/89/76799151d9c2d2d1ead63c2429da9ea9d7aac304603de0c6e8764e6e8e70/cffi-2.0.0-cp314-cp314-manylinux2014_ppc64le.manylinux_2_17_ppc64le.whl", hash = "sha256:12873ca6cb9b0f0d3a0da705d6086fe911591737a59f28b7936bdfed27c0d47c", size = 207793, upload-time = "2025-09-08T23:23:22.08Z" },
    { url = "https://files.pythonhosted.org/packages/bb/dd/3465b14bb9e24ee24cb88c9e3730f6de63111fffe513492bf8c808a3547e/cffi-2.0.0-cp314-cp314-manylinux2014_s390x.manylinux_2_17_s390x.whl", hash = "sha256:d9b97165e8aed9272a6bb17c01e3cc5871a594a446ebedc996e2397a1c1ea8ef", size = 206300, upload-time = "2025-09-08T23:23:23.314Z" },
    { url = "https://files.pythonhosted.org/packages/47/d9/d83e293854571c877a92da46fdec39158f8d7e68da75bf73581225d28e90/cffi-2.0.0-cp314-cp314-manylinux2014_x86_64.manylinux_2_17_x86_64.whl", hash = "sha256:afb8db5439b81cf9c9d0c80404b60c3cc9c3add93e114dcae767f1477cb53775", size = 219244, upload-time = "2025-09-08T23:23:24.541Z" },
    { url = "https://files.pythonhosted.org/packages/2b/0f/1f177e3683aead2bb00f7679a16451d302c436b5cbf2505f0ea8146ef59e/cffi-2.0.0-cp314-cp314-musllinux_1_2_aarch64.whl", hash = "sha256:737fe7d37e1a1bffe70bd5754ea763a62a066dc5913ca57e957824b72a85e205", size = 222828, upload-time = "2025-09-08T23:23:26.143Z" },
    { url = "https://files.pythonhosted.org/packages/c6/0f/cafacebd4b040e3119dcb32fed8bdef8dfe94da653155f9d0b9dc660166e/cffi-2.0.0-cp314-cp314-musllinux_1_2_x86_64.whl", hash = "sha256:38100abb9d1b1435bc4cc340bb4489635dc2f0da7456590877030c9b3d40b0c1", size = 220926, upload-time = "2025-09-08T23:23:27.873Z" },
    { url = "https://files.pythonhosted.org/packages/be/b4/c56878d0d1755cf9caa54ba71e5d049479c52f9e4afc230f06822162ab2f/cffi-2.0.0-cp314-cp314t-manylinux2014_aarch64.manylinux_2_17_aarch64.whl", hash = "sha256:7cc09976e8b56f8cebd752f7113ad07752461f48a58cbba644139015ac24954c", size = 221593, upload-time = "2025-09-08T23:23:31.91Z" },
    { url = "https://files.pythonhosted.org/packages/e0/0d/eb704606dfe8033e7128df5e90fee946bbcb64a04fcdaa97321309004000/cffi-2.0.0-cp314-cp314t-manylinux2014_ppc64le.manylinux_2_17_ppc64le.whl", hash = "sha256:92b68146a71df78564e4ef48af17551a5ddd142e5190cdf2c5624d0c3ff5b2e8", size = 209354, upload-time = "2025-09-08T23:23:33.214Z" },
    { url = "https://files.pythonhosted.org/packages/d8/19/3c435d727b368ca475fb8742ab97c9cb13a0de600ce86f62eab7fa3eea60/cffi-2.0.0-cp314-cp314t-manylinux2014_s390x.manylinux_2_17_s390x.whl", hash = "sha256:b1e74d11748e7e98e2f426ab176d4ed720a64412b6a15054378afdb71e0f37dc", size = 208480, upload-time = "2025-09-08T23:23:34.495Z" },
    { url = "https://files.pythonhosted.org/packages/d0/44/681604464ed9541673e486521497406fadcc15b5217c3e326b061696899a/cffi-2.0.0-cp314-cp314t-manylinux2014_x86_64.manylinux_2_17_x86_64.whl", hash = "sha256:28a3a209b96630bca57cce802da70c266eb08c6e97e5afd61a75611ee6c64592", size = 221584, upload-time = "2025-09-08T23:23:36.096Z" },
    { url = "https://files.pythonhosted.org/packages/25/8e/342a504ff018a2825d395d44d63a767dd8ebc927ebda557fecdaca3ac33a/cffi-2.0.0-cp314-cp314t-musllinux_1_2_aarch64.whl", hash = "sha256:7553fb2090d71822f02c629afe6042c299edf91ba1bf94951165613553984512", size = 224443, upload-time = "2025-09-08T23:23:37.328Z" },
    { url = "https://files.pythonhosted.org/packages/e1/5e/b666bacbbc60fbf415ba9988324a132c9a7a0448a9a8f125074671c0f2c3/cffi-2.0.0-cp314-cp314t-musllinux_1_2_x86_64.whl", hash = "sha256:6c6c373cfc5c83a975506110d17457138c8c63016b563cc9ed6e056a82f13ce4", size = 223437, upload-time = "2025-09-08T23:23:38.945Z" },
]

[[package]]
name = "click"
version = "8.3.3"
source = { registry = "https://pypi.org/simple" }
dependencies = [
    { name = "colorama", marker = "sys_platform == 'win32'" },
]
sdist = { url = "https://files.pythonhosted.org/packages/bb/63/f9e1ea081ce35720d8b92acde70daaedace594dc93b693c869e0d5910718/click-8.3.3.tar.gz", hash = "sha256:398329ad4837b2ff7cbe1dd166a4c0f8900c3ca3a218de04466f38f6497f18a2", size = 328061, upload-time = "2026-04-22T15:11:27.506Z" }
wheels = [
    { url = "https://files.pythonhosted.org/packages/ae/44/c1221527f6a71a01ec6fbad7fa78f1d50dfa02217385cf0fa3eec7087d59/click-8.3.3-py3-none-any.whl", hash = "sha256:a2bf429bb3033c89fa4936ffb35d5cb471e3719e1f3c8a7c3fff0b8314305613", size = 110502, upload-time = "2026-04-22T15:11:25.044Z" },
]

[[package]]
name = "colorama"
version = "0.4.6"
source = { registry = "https://pypi.org/simple" }
sdist = { url = "https://files.pythonhosted.org/packages/d8/53/6f443c9a4a8358a93a6792e2acffb9d9d5cb0a5cfd8802644b7b1c9a02e4/colorama-0.4.6.tar.gz", hash = "sha256:08695f5cb7ed6e0531a20572697297273c47b8cae5a63ffc6d6ed5c201be6e44", size = 27697, upload-time = "2022-10-25T02:36:22.414Z" }
wheels = [
    { url = "https://files.pythonhosted.org/packages/d1/d6/3965ed04c63042e047cb6a3e6ed1a63a35087b6a609aa3a15ed8ac56c221/colorama-0.4.6-py2.py3-none-any.whl", hash = "sha256:4f1d9991f5acc0ca119f9d443620b77f9d6b33703e51011c16baf57afb285fc6", size = 25335, upload-time = "2022-10-25T02:36:20.889Z" },
]

[[package]]
name = "cryptography"
version = "48.0.1"
source = { registry = "https://pypi.org/simple" }
dependencies = [
    { name = "cffi", marker = "platform_python_implementation != 'PyPy'" },
]
sdist = { url = "https://files.pythonhosted.org/packages/12/45/870e7f4bef50e5f53b9f51d4428aee5290eedf58ba443f16b1ebb7ab8e66/cryptography-48.0.1.tar.gz", hash = "sha256:266f4ee051abb2f725b74ef8072b521ce1feacf685a3364fa6a6b45548db791a", size = 832989, upload-time = "2026-06-09T22:32:31.8Z" }
wheels = [
    { url = "https://files.pythonhosted.org/packages/d5/85/6379d42181bfc713094f081360fc5784d6c816b599d45e7f082502d173ce/cryptography-48.0.1-cp311-abi3-manylinux2014_aarch64.manylinux_2_17_aarch64.whl", hash = "sha256:32143b24adb918f078134e1e230f1eb8cc04886b92c28b5f0041aaf3e5699225", size = 4696243, upload-time = "2026-06-09T22:32:33.446Z" },
    { url = "https://files.pythonhosted.org/packages/9c/87/c85d147b53323c7eb4d850920c8901377323c2a0ff8d79c262d4fee89aa2/cryptography-48.0.1-cp311-abi3-manylinux2014_x86_64.manylinux_2_17_x86_64.whl", hash = "sha256:f0d27a5696721ef7a672b8c810f6aded391058e0b9486e63e6d93baf765da691", size = 4713235, upload-time = "2026-06-09T22:31:40.141Z" },
    { url = "https://files.pythonhosted.org/packages/79/58/67cbf8cf1ee7c54b439ca07bbecf8362c07afc11a3724fea70f745784add/cryptography-48.0.1-cp311-abi3-manylinux_2_28_aarch64.whl", hash = "sha256:eb86ce1af36fe65041b6db9a8bb064ee621a7e5fded0f80d475ec243477cd242", size = 4702323, upload-time = "2026-06-09T22:31:42.191Z" },
    { url = "https://files.pythonhosted.org/packages/89/c6/24266ac10c47f6cd2a865f4446062b466da1d1f10b27189eac00e61bf0c9/cryptography-48.0.1-cp311-abi3-manylinux_2_28_ppc64le.whl", hash = "sha256:b024e784ad6c077ee0147b35ea9cbfc1e34e1fd4c1dcca214c2794d73a12df08", size = 5300085, upload-time = "2026-06-09T22:31:58.703Z" },
    { url = "https://files.pythonhosted.org/packages/d2/bb/cc4b78784f97efc8c5874c2a9743708d172be6663024b34a0467885ae0c8/cryptography-48.0.1-cp311-abi3-manylinux_2_28_x86_64.whl", hash = "sha256:3752f2dbc8f07a30aad2932c986cea495b03bb554887828225da104f732852b6", size = 4746137, upload-time = "2026-06-09T22:31:31.01Z" },
    { url = "https://files.pythonhosted.org/packages/1f/52/0c44de3f5267f8fbe8e835138017522a333436166e406f0db9b9e6e3033f/cryptography-48.0.1-cp311-abi3-manylinux_2_31_armv7l.whl", hash = "sha256:bd81490cd5801d755cf97bb68ac191f14b708470b1c7cf4580f669b9c9264cd8", size = 4333867, upload-time = "2026-06-09T22:32:28.096Z" },
    { url = "https://files.pythonhosted.org/packages/9a/2e/772d7adbfa931537bc401640b7cac9976bff689bda187833e5d63b428e49/cryptography-48.0.1-cp311-abi3-manylinux_2_34_aarch64.whl", hash = "sha256:66fd0771e7b9c6dcd44cf1120690d2338d16d72795cf40cae2786a39eba65429", size = 4701805, upload-time = "2026-06-09T22:31:38.284Z" },
    { url = "https://files.pythonhosted.org/packages/f8/a3/b06844f303873493c963caf581c04df31c7035e0c1b0f02c4814d319ec80/cryptography-48.0.1-cp311-abi3-manylinux_2_34_ppc64le.whl", hash = "sha256:3fd2ca57062b241c856670b073487d2e86c4637937ca5601e48f97bf8e11fc8f", size = 5258461, upload-time = "2026-06-09T22:31:04.187Z" },
    { url = "https://files.pythonhosted.org/packages/9f/13/8b765e2e12b07c74941caadb9d1c8fdc006c4dfbf2b8f2d610519758954d/cryptography-48.0.1-cp311-abi3-manylinux_2_34_x86_64.whl", hash = "sha256:0ee6ea481db1ab889cba043ec1eda17bb9c1ea79db6722f779c3667f9f70322f", size = 4745488, upload-time = "2026-06-09T22:32:30.07Z" },
    { url = "https://files.pythonhosted.org/packages/2e/aa/48972bce55049b32a94f4907eda4d75fa385aad8a39506cc2fc72196ecf0/cryptography-48.0.1-cp311-abi3-musllinux_1_2_aarch64.whl", hash = "sha256:f2ceef93cb096aa3c4cc4b5c94ca6131f9196d28c64d6111533402a9b2054d41", size = 4830256, upload-time = "2026-06-09T22:31:43.868Z" },
    { url = "https://files.pythonhosted.org/packages/47/a2/e5079a032fb85cf6005046ca92bbd78b0c82dad2b5751ab8c311659da06f/cryptography-48.0.1-cp311-abi3-musllinux_1_2_x86_64.whl", hash = "sha256:9bd3f92d76217892b15df84ca256c2c113d386fdda7a7d8691aeeced976507c6", size = 4979117, upload-time = "2026-06-09T22:31:05.845Z" },
    { url = "https://files.pythonhosted.org/packages/8a/13/6476736484b94041110c8340a3eb63962fea4975baea8cb4a512adb44d4d/cryptography-48.0.1-cp314-cp314t-manylinux2014_aarch64.manylinux_2_17_aarch64.whl", hash = "sha256:d5d30989c6917b478b5817902e85fddaea2261efa8648383d965381ccb9e1ac4", size = 4689201, upload-time = "2026-06-09T22:31:09.745Z" },
    { url = "https://files.pythonhosted.org/packages/79/62/65a87f34d2a431546e2509b85d55e8c90df86d668f6731da64d538512ac2/cryptography-48.0.1-cp314-cp314t-manylinux2014_x86_64.manylinux_2_17_x86_64.whl", hash = "sha256:df637c05205ea7c1d7fbcbe54bbfea648a52951155f997af13d895d0ecc96991", size = 4702822, upload-time = "2026-06-09T22:32:24.409Z" },
    { url = "https://files.pythonhosted.org/packages/7f/59/810b5204b0a9b10f4b6bc06bd551a8b609803cd931806bc3b71884b225e5/cryptography-48.0.1-cp314-cp314t-manylinux_2_28_aarch64.whl", hash = "sha256:869c3b8a53bfe27147832df48b32adadf558249d50e76cb3769d40e986b13265", size = 4694875, upload-time = "2026-06-09T22:32:08.737Z" },
    { url = "https://files.pythonhosted.org/packages/24/dc/d8ca05ffea724eec6d232ea6f18e74c269eb6bdfdcc9bfba689790d1325f/cryptography-48.0.1-cp314-cp314t-manylinux_2_28_ppc64le.whl", hash = "sha256:e361afba8918070d376df76f408a4f67fec0ee9cff81a99e48fe9a233ef59e17", size = 5290385, upload-time = "2026-06-09T22:31:15.212Z" },
    { url = "https://files.pythonhosted.org/packages/03/8c/3be6cb4da181f5bb6c19cf560c2359d60644a6b5fc5b57854e528f47b296/cryptography-48.0.1-cp314-cp314t-manylinux_2_28_x86_64.whl", hash = "sha256:d069066deead00ac7f090be101be875a06855908f7ec004c27b8fefb4acfb411", size = 4737082, upload-time = "2026-06-09T22:32:22.66Z" },
    { url = "https://files.pythonhosted.org/packages/aa/f6/d5f60a5a1434dbfd949e227fd0065d194c7e6b6ac526b17f5c06152b8231/cryptography-48.0.1-cp314-cp314t-manylinux_2_31_armv7l.whl", hash = "sha256:09f73a725d582cef64b91281a322cd798d14a33b2b6f2b7ad9531dc336d84c02", size = 4325328, upload-time = "2026-06-09T22:32:10.777Z" },
    { url = "https://files.pythonhosted.org/packages/17/b7/ba75dd947a14b6ad907b01ae8f6b5b348cdd1b48142f0063dee9e20c1d9d/cryptography-48.0.1-cp314-cp314t-manylinux_2_34_aarch64.whl", hash = "sha256:15254441469dd6bf027039453288e2072124f8b6603563f5d759e1c9b69273fa", size = 4694530, upload-time = "2026-06-09T22:31:53.105Z" },
    { url = "https://files.pythonhosted.org/packages/62/29/50d6b9e8aff12d8b67afaeb3569335e32dc83a5723e3bbded24fdac9f809/cryptography-48.0.1-cp314-cp314t-manylinux_2_34_ppc64le.whl", hash = "sha256:8ace4507d1e6533c125f4fac754f8bb8b6a74c08e92179dabd7e16571a3efbf3", size = 5245046, upload-time = "2026-06-09T22:31:25.774Z" },
    { url = "https://files.pythonhosted.org/packages/9f/04/618f4115cfc0add0838c82507aa18a346089428da8653ad38b3ff36f5cb3/cryptography-48.0.1-cp314-cp314t-manylinux_2_34_x86_64.whl", hash = "sha256:b4e391975f038e66432328639620a4aff2d307513b004f1ca06d6225bced815c", size = 4736660, upload-time = "2026-06-09T22:32:12.676Z" },
    { url = "https://files.pythonhosted.org/packages/24/9c/06e062462a0de28a3b3911322eded4c16deb9f441b1b7575d3dc59488ab5/cryptography-48.0.1-cp314-cp314t-musllinux_1_2_aarch64.whl", hash = "sha256:42fcd8e26fe555d9b3577a135f5091fefa0aa4e99129c23fb56787a1bd4ada72", size = 4822229, upload-time = "2026-06-09T22:31:17.062Z" },
    { url = "https://files.pythonhosted.org/packages/f4/be/0561971eaaee4b8a0e7d5113c536921063ab91aaf23278ac374eaf881e11/cryptography-48.0.1-cp314-cp314t-musllinux_1_2_x86_64.whl", hash = "sha256:c1400da5e32a43253392277eac7490a60e497d810a63dd5608d71bbd7af507c9", size = 4966364, upload-time = "2026-06-09T22:31:32.842Z" },
    { url = "https://files.pythonhosted.org/packages/b0/d9/45f309a7e4e5f3f8f121d6d3be9e94024a7726ec598d6e08ae04edb2f04d/cryptography-48.0.1-cp39-abi3-manylinux2014_aarch64.manylinux_2_17_aarch64.whl", hash = "sha256:48fe40804d4caa2288f24e70ca8c64c42dd826da0ad7e4f1b41b2128d679e6c8", size = 4690196, upload-time = "2026-06-09T22:31:54.74Z" },
    { url = "https://files.pythonhosted.org/packages/5f/9f/a1bc8bcc798811b8527eb374bbccf30a3f3e806829d967118222bf1125eb/cryptography-48.0.1-cp39-abi3-manylinux2014_x86_64.manylinux_2_17_x86_64.whl", hash = "sha256:86be3b1b0b6bf09482fb50a979c508d2950ed95f5621ec77f4e385962006b83a", size = 4696782, upload-time = "2026-06-09T22:31:45.615Z" },
    { url = "https://files.pythonhosted.org/packages/66/c2/81a4fb4e4373c500bb526bc337ac5719dd31dd15b970b84a238168c6aa08/cryptography-48.0.1-cp39-abi3-manylinux_2_28_aarch64.whl", hash = "sha256:4ab0a343c807bbcd90c971cd1ecf072937cd01847a9e002bef88fb47ac6be577", size = 4696618, upload-time = "2026-06-09T22:31:11.564Z" },
    { url = "https://files.pythonhosted.org/packages/e5/0b/aa68b221dde92d09cb29a024ede17550ee21e77a404e59fc093c82bb51e1/cryptography-48.0.1-cp39-abi3-manylinux_2_28_ppc64le.whl", hash = "sha256:9621de99d2da096006b629979efd8ae7eb2d8b822488d0c89ee4000c306c59b1", size = 5289970, upload-time = "2026-06-09T22:31:20.368Z" },
    { url = "https://files.pythonhosted.org/packages/78/13/fba657f958d2af66ea959a4ba01212632089249d34af1ae48054136344d7/cryptography-48.0.1-cp39-abi3-manylinux_2_28_x86_64.whl", hash = "sha256:88c852a0ae366e262e5a1744b685e6a433dc8788dd2a277e418bf4904203609d", size = 4731873, upload-time = "2026-06-09T22:31:22.253Z" },
    { url = "https://files.pythonhosted.org/packages/4c/4c/9a964756d24a26b3e34dfcb16f961b89838786e6700b635b0d1e3adff4b6/cryptography-48.0.1-cp39-abi3-manylinux_2_31_armv7l.whl", hash = "sha256:43c5835e2cb98c8733d86f57d6fc879b613f5c3478607281c3e36daffc6dd8a6", size = 4330804, upload-time = "2026-06-09T22:31:36.56Z" },
    { url = "https://files.pythonhosted.org/packages/4b/0f/a10f3a6eb12950a10e3a874070283aa2dd5875b2bfd15fad8a3e17b3f13e/cryptography-48.0.1-cp39-abi3-manylinux_2_34_aarch64.whl", hash = "sha256:fe0180af5bf9236518a087e35bf2d9a347d5f5f51e63c579d683ddff424e3d46", size = 4696217, upload-time = "2026-06-09T22:31:13.351Z" },
    { url = "https://files.pythonhosted.org/packages/f3/6f/5cd12f951165ea73ef85266775d97e4c763b2474ccfd816dd69d3a18d6f8/cryptography-48.0.1-cp39-abi3-manylinux_2_34_ppc64le.whl", hash = "sha256:b7a2d1a937a738a881737cec135a38bb61470589b17515b9f73f571d0ae10401", size = 5245252, upload-time = "2026-06-09T22:32:02.193Z" },
    { url = "https://files.pythonhosted.org/packages/68/ab/8aaa12e4516ec4464033ab79b6f3b592bd5a92102467c4ace8a0d970203f/cryptography-48.0.1-cp39-abi3-manylinux_2_34_x86_64.whl", hash = "sha256:b74ca3b8e5ecdd833bf6a002ca41b4793bb27fb8f1c06ffaf2643c9e9140e31b", size = 4731388, upload-time = "2026-06-09T22:32:04.019Z" },
    { url = "https://files.pythonhosted.org/packages/1b/24/50027ea4dca85ec1f40688f3c24fb32ccacd520583c9592c3cc95628e6fb/cryptography-48.0.1-cp39-abi3-musllinux_1_2_aarch64.whl", hash = "sha256:2c37f2461406063b417837f5f3daab668652acd82423efcd7f0a9f04be972de1", size = 4824186, upload-time = "2026-06-09T22:32:18.707Z" },
    { url = "https://files.pythonhosted.org/packages/52/41/04cb5eb17085ade6f50cc611fb657df6a0f5885350de8764ece89c050197/cryptography-48.0.1-cp39-abi3-musllinux_1_2_x86_64.whl", hash = "sha256:86fe77abb1bd87afb251d4d02ada7ecf53a32cee9b67d976abb2e45a13297475", size = 4964539, upload-time = "2026-06-09T22:31:18.793Z" },
]

[[package]]
name = "dataclass-wizard"
version = "0.39.1"
source = { registry = "https://pypi.org/simple" }
sdist = { url = "https://files.pythonhosted.org/packages/36/ea/6b2811092feecbe9d672e3641196ac5fcbec6664074da5dec8b9fd9b9059/dataclass_wizard-0.39.1.tar.gz", hash = "sha256:1679948ed7c62103f40b34df97d03b35e6b2ad50f58173fdbe30074e2e4730f2", size = 361190, upload-time = "2026-01-06T03:30:57.054Z" }
wheels = [
    { url = "https://files.pythonhosted.org/packages/27/a0/a221942b3fbbafaea4e211744d298366b6a9712c1aa336b05fc1c865ac0c/dataclass_wizard-0.39.1-py3-none-any.whl", hash = "sha256:3324e59eca705882eb34e2b3989b2beadd8c2b523e6269d4002cf1a4a5bf703b", size = 215344, upload-time = "2026-01-06T03:30:54.915Z" },
]

[[package]]
name = "h11"
version = "0.16.0"
source = { registry = "https://pypi.org/simple" }
sdist = { url = "https://files.pythonhosted.org/packages/01/ee/02a2c011bdab74c6fb3c75474d40b3052059d95df7e73351460c8588d963/h11-0.16.0.tar.gz", hash = "sha256:4e35b956cf45792e4caa5885e69fba00bdbc6ffafbfa020300e549b208ee5ff1", size = 101250, upload-time = "2025-04-24T03:35:25.427Z" }
wheels = [
    { url = "https://files.pythonhosted.org/packages/04/4b/29cac41a4d98d144bf5f6d33995617b185d14b22401f75ca86f384e87ff1/h11-0.16.0-py3-none-any.whl", hash = "sha256:63cf8bbe7522de3bf65932fda1d9c2772064ffb3dae62d55932da54b31cb6c86", size = 37515, upload-time = "2025-04-24T03:35:24.344Z" },
]

[[package]]
name = "httpcore"
version = "1.0.9"
source = { registry = "https://pypi.org/simple" }
dependencies = [
    { name = "certifi" },
    { name = "h11" },
]
sdist = { url = "https://files.pythonhosted.org/packages/06/94/82699a10bca87a5556c9c59b5963f2d039dbd239f25bc2a63907a05a14cb/httpcore-1.0.9.tar.gz", hash = "sha256:6e34463af53fd2ab5d807f399a9b45ea31c3dfa2276f15a2c3f00afff6e176e8", size = 85484, upload-time = "2025-04-24T22:06:22.219Z" }
wheels = [
    { url = "https://files.pythonhosted.org/packages/7e/f5/f66802a942d491edb555dd61e3a9961140fd64c90bce1eafd741609d334d/httpcore-1.0.9-py3-none-any.whl", hash = "sha256:2d400746a40668fc9dec9810239072b40b4484b640a8c38fd654a024c7a1bf55", size = 78784, upload-time = "2025-04-24T22:06:20.566Z" },
]

[[package]]
name = "httpx"
version = "0.28.1"
source = { registry = "https://pypi.org/simple" }
dependencies = [
    { name = "anyio" },
    { name = "certifi" },
    { name = "httpcore" },
    { name = "idna" },
]
sdist = { url = "https://files.pythonhosted.org/packages/b1/df/48c586a5fe32a0f01324ee087459e112ebb7224f646c0b5023f5e79e9956/httpx-0.28.1.tar.gz", hash = "sha256:75e98c5f16b0f35b567856f597f06ff2270a374470a5c2392242528e3e3e42fc", size = 141406, upload-time = "2024-12-06T15:37:23.222Z" }
wheels = [
    { url = "https://files.pythonhosted.org/packages/2a/39/e50c7c3a983047577ee07d2a9e53faf5a69493943ec3f6a384bdc792deb2/httpx-0.28.1-py3-none-any.whl", hash = "sha256:d909fcccc110f8c7faf814ca82a9a4d816bc5a6dbfea25d6591d6985b8ba59ad", size = 73517, upload-time = "2024-12-06T15:37:21.509Z" },
]

[[package]]
name = "idna"
version = "3.15"
source = { registry = "https://pypi.org/simple" }
sdist = { url = "https://files.pythonhosted.org/packages/82/77/7b3966d0b9d1d31a36ddf1746926a11dface89a83409bf1483f0237aa758/idna-3.15.tar.gz", hash = "sha256:ca962446ea538f7092a95e057da437618e886f4d349216d2b1e294abfdb65fdc", size = 199245, upload-time = "2026-05-12T22:45:57.011Z" }
wheels = [
    { url = "https://files.pythonhosted.org/packages/d2/23/408243171aa9aaba178d3e2559159c24c1171a641aa83b67bdd3394ead8e/idna-3.15-py3-none-any.whl", hash = "sha256:048adeaf8c2d788c40fee287673ccaa74c24ffd8dcf09ffa555a2fbb59f10ac8", size = 72340, upload-time = "2026-05-12T22:45:55.733Z" },
]

[[package]]
name = "jaraco-classes"
version = "3.4.0"
source = { registry = "https://pypi.org/simple" }
dependencies = [
    { name = "more-itertools" },
]
sdist = { url = "https://files.pythonhosted.org/packages/06/c0/ed4a27bc5571b99e3cff68f8a9fa5b56ff7df1c2251cc715a652ddd26402/jaraco.classes-3.4.0.tar.gz", hash = "sha256:47a024b51d0239c0dd8c8540c6c7f484be3b8fcf0b2d85c13825780d3b3f3acd", size = 11780, upload-time = "2024-03-31T07:27:36.643Z" }
wheels = [
    { url = "https://files.pythonhosted.org/packages/7f/66/b15ce62552d84bbfcec9a4873ab79d993a1dd4edb922cbfccae192bd5b5f/jaraco.classes-3.4.0-py3-none-any.whl", hash = "sha256:f662826b6bed8cace05e7ff873ce0f9283b5c924470fe664fff1c2f00f581790", size = 6777, upload-time = "2024-03-31T07:27:34.792Z" },
]

[[package]]
name = "jaraco-context"
version = "6.0.1"
source = { registry = "https://pypi.org/simple" }
sdist = { url = "https://files.pythonhosted.org/packages/df/ad/f3777b81bf0b6e7bc7514a1656d3e637b2e8e15fab2ce3235730b3e7a4e6/jaraco_context-6.0.1.tar.gz", hash = "sha256:9bae4ea555cf0b14938dc0aee7c9f32ed303aa20a3b73e7dc80111628792d1b3", size = 13912, upload-time = "2024-08-20T03:39:27.358Z" }
wheels = [
    { url = "https://files.pythonhosted.org/packages/ff/db/0c52c4cf5e4bd9f5d7135ec7669a3a767af21b3a308e1ed3674881e52b62/jaraco.context-6.0.1-py3-none-any.whl", hash = "sha256:f797fc481b490edb305122c9181830a3a5b76d84ef6d1aef2fb9b47ab956f9e4", size = 6825, upload-time = "2024-08-20T03:39:25.966Z" },
]

[[package]]
name = "jaraco-functools"
version = "4.1.0"
source = { registry = "https://pypi.org/simple" }
dependencies = [
    { name = "more-itertools" },
]
sdist = { url = "https://files.pythonhosted.org/packages/ab/23/9894b3df5d0a6eb44611c36aec777823fc2e07740dabbd0b810e19594013/jaraco_functools-4.1.0.tar.gz", hash = "sha256:70f7e0e2ae076498e212562325e805204fc092d7b4c17e0e86c959e249701a9d", size = 19159, upload-time = "2024-09-27T19:47:09.122Z" }
wheels = [
    { url = "https://files.pythonhosted.org/packages/9f/4f/24b319316142c44283d7540e76c7b5a6dbd5db623abd86bb7b3491c21018/jaraco.functools-4.1.0-py3-none-any.whl", hash = "sha256:ad159f13428bc4acbf5541ad6dec511f91573b90fba04df61dafa2a1231cf649", size = 10187, upload-time = "2024-09-27T19:47:07.14Z" },
]

[[package]]
name = "jeepney"
version = "0.9.0"
source = { registry = "https://pypi.org/simple" }
sdist = { url = "https://files.pythonhosted.org/packages/7b/6f/357efd7602486741aa73ffc0617fb310a29b588ed0fd69c2399acbb85b0c/jeepney-0.9.0.tar.gz", hash = "sha256:cf0e9e845622b81e4a28df94c40345400256ec608d0e55bb8a3feaa9163f5732", size = 106758, upload-time = "2025-02-27T18:51:01.684Z" }
wheels = [
    { url = "https://files.pythonhosted.org/packages/b2/a3/e137168c9c44d18eff0376253da9f1e9234d0239e0ee230d2fee6cea8e55/jeepney-0.9.0-py3-none-any.whl", hash = "sha256:97e5714520c16fc0a45695e5365a2e11b81ea79bba796e26f9f1d178cb182683", size = 49010, upload-time = "2025-02-27T18:51:00.104Z" },
]

[[package]]
name = "jsonpickle"
version = "4.1.1"
source = { registry = "https://pypi.org/simple" }
sdist = { url = "https://files.pythonhosted.org/packages/e4/a6/d07afcfdef402900229bcca795f80506b207af13a838d4d99ad45abf530c/jsonpickle-4.1.1.tar.gz", hash = "sha256:f86e18f13e2b96c1c1eede0b7b90095bbb61d99fedc14813c44dc2f361dbbae1", size = 316885, upload-time = "2025-06-02T20:36:11.57Z" }
wheels = [
    { url = "https://files.pythonhosted.org/packages/c1/73/04df8a6fa66d43a9fd45c30f283cc4afff17da671886e451d52af60bdc7e/jsonpickle-4.1.1-py3-none-any.whl", hash = "sha256:bb141da6057898aa2438ff268362b126826c812a1721e31cf08a6e142910dc91", size = 47125, upload-time = "2025-06-02T20:36:08.647Z" },
]

[[package]]
name = "keyring"
version = "25.7.0"
source = { registry = "https://pypi.org/simple" }
dependencies = [
    { name = "jaraco-classes" },
    { name = "jaraco-context" },
    { name = "jaraco-functools" },
    { name = "jeepney", marker = "sys_platform == 'linux'" },
    { name = "pywin32-ctypes", marker = "sys_platform == 'win32'" },
    { name = "secretstorage", marker = "sys_platform == 'linux'" },
]
sdist = { url = "https://files.pythonhosted.org/packages/43/4b/674af6ef2f97d56f0ab5153bf0bfa28ccb6c3ed4d1babf4305449668807b/keyring-25.7.0.tar.gz", hash = "sha256:fe01bd85eb3f8fb3dd0405defdeac9a5b4f6f0439edbb3149577f244a2e8245b", size = 63516, upload-time = "2025-11-16T16:26:09.482Z" }
wheels = [
    { url = "https://files.pythonhosted.org/packages/81/db/e655086b7f3a705df045bf0933bdd9c2f79bb3c97bfef1384598bb79a217/keyring-25.7.0-py3-none-any.whl", hash = "sha256:be4a0b195f149690c166e850609a477c532ddbfbaed96a404d4e43f8d5e2689f", size = 39160, upload-time = "2025-11-16T16:26:08.402Z" },
]

[[package]]
name = "more-itertools"
version = "10.7.0"
source = { registry = "https://pypi.org/simple" }
sdist = { url = "https://files.pythonhosted.org/packages/ce/a0/834b0cebabbfc7e311f30b46c8188790a37f89fc8d756660346fe5abfd09/more_itertools-10.7.0.tar.gz", hash = "sha256:9fddd5403be01a94b204faadcff459ec3568cf110265d3c54323e1e866ad29d3", size = 127671, upload-time = "2025-04-22T14:17:41.838Z" }
wheels = [
    { url = "https://files.pythonhosted.org/packages/2b/9f/7ba6f94fc1e9ac3d2b853fdff3035fb2fa5afbed898c4a72b8a020610594/more_itertools-10.7.0-py3-none-any.whl", hash = "sha256:d43980384673cb07d2f7d2d918c616b30c659c089ee23953f601d6609c67510e", size = 65278, upload-time = "2025-04-22T14:17:40.49Z" },
]

[[package]]
name = "pycparser"
version = "2.22"
source = { registry = "https://pypi.org/simple" }
sdist = { url = "https://files.pythonhosted.org/packages/1d/b2/31537cf4b1ca988837256c910a668b553fceb8f069bedc4b1c826024b52c/pycparser-2.22.tar.gz", hash = "sha256:491c8be9c040f5390f5bf44a5b07752bd07f56edf992381b05c701439eec10f6", size = 172736, upload-time = "2024-03-30T13:22:22.564Z" }
wheels = [
    { url = "https://files.pythonhosted.org/packages/13/a3/a812df4e2dd5696d1f351d58b8fe16a405b234ad2886a0dab9183fb78109/pycparser-2.22-py3-none-any.whl", hash = "sha256:c3702b6d3dd8c7abc1afa565d7e63d53a1d0bd86cdc24edd75470f4de499cfcc", size = 117552, upload-time = "2024-03-30T13:22:20.476Z" },
]

[[package]]
name = "pywin32-ctypes"
version = "0.2.3"
source = { registry = "https://pypi.org/simple" }
sdist = { url = "https://files.pythonhosted.org/packages/85/9f/01a1a99704853cb63f253eea009390c88e7131c67e66a0a02099a8c917cb/pywin32-ctypes-0.2.3.tar.gz", hash = "sha256:d162dc04946d704503b2edc4d55f3dba5c1d539ead017afa00142c38b9885755", size = 29471, upload-time = "2024-08-14T10:15:34.626Z" }
wheels = [
    { url = "https://files.pythonhosted.org/packages/de/3d/8161f7711c017e01ac9f008dfddd9410dff3674334c233bde66e7ba65bbf/pywin32_ctypes-0.2.3-py3-none-any.whl", hash = "sha256:8a1513379d709975552d202d942d9837758905c8d01eb82b8bcc30918929e7b8", size = 30756, upload-time = "2024-08-14T10:15:33.187Z" },
]

[[package]]
name = "ruff"
version = "0.12.12"
source = { registry = "https://pypi.org/simple" }
sdist = { url = "https://files.pythonhosted.org/packages/a8/f0/e0965dd709b8cabe6356811c0ee8c096806bb57d20b5019eb4e48a117410/ruff-0.12.12.tar.gz", hash = "sha256:b86cd3415dbe31b3b46a71c598f4c4b2f550346d1ccf6326b347cc0c8fd063d6", size = 5359915, upload-time = "2025-09-04T16:50:18.273Z" }
wheels = [
    { url = "https://files.pythonhosted.org/packages/09/79/8d3d687224d88367b51c7974cec1040c4b015772bfbeffac95face14c04a/ruff-0.12.12-py3-none-linux_armv6l.whl", hash = "sha256:de1c4b916d98ab289818e55ce481e2cacfaad7710b01d1f990c497edf217dafc", size = 12116602, upload-time = "2025-09-04T16:49:18.892Z" },
    { url = "https://files.pythonhosted.org/packages/c3/c3/6e599657fe192462f94861a09aae935b869aea8a1da07f47d6eae471397c/ruff-0.12.12-py3-none-macosx_10_12_x86_64.whl", hash = "sha256:7acd6045e87fac75a0b0cdedacf9ab3e1ad9d929d149785903cff9bb69ad9727", size = 12868393, upload-time = "2025-09-04T16:49:23.043Z" },
    { url = "https://files.pythonhosted.org/packages/e8/d2/9e3e40d399abc95336b1843f52fc0daaceb672d0e3c9290a28ff1a96f79d/ruff-0.12.12-py3-none-macosx_11_0_arm64.whl", hash = "sha256:abf4073688d7d6da16611f2f126be86523a8ec4343d15d276c614bda8ec44edb", size = 12036967, upload-time = "2025-09-04T16:49:26.04Z" },
    { url = "https://files.pythonhosted.org/packages/e9/03/6816b2ed08836be272e87107d905f0908be5b4a40c14bfc91043e76631b8/ruff-0.12.12-py3-none-manylinux_2_17_aarch64.manylinux2014_aarch64.whl", hash = "sha256:968e77094b1d7a576992ac078557d1439df678a34c6fe02fd979f973af167577", size = 12276038, upload-time = "2025-09-04T16:49:29.056Z" },
    { url = "https://files.pythonhosted.org/packages/9f/d5/707b92a61310edf358a389477eabd8af68f375c0ef858194be97ca5b6069/ruff-0.12.12-py3-none-manylinux_2_17_armv7l.manylinux2014_armv7l.whl", hash = "sha256:42a67d16e5b1ffc6d21c5f67851e0e769517fb57a8ebad1d0781b30888aa704e", size = 11901110, upload-time = "2025-09-04T16:49:32.07Z" },
    { url = "https://files.pythonhosted.org/packages/9d/3d/f8b1038f4b9822e26ec3d5b49cf2bc313e3c1564cceb4c1a42820bf74853/ruff-0.12.12-py3-none-manylinux_2_17_i686.manylinux2014_i686.whl", hash = "sha256:b216ec0a0674e4b1214dcc998a5088e54eaf39417327b19ffefba1c4a1e4971e", size = 13668352, upload-time = "2025-09-04T16:49:35.148Z" },
    { url = "https://files.pythonhosted.org/packages/98/0e/91421368ae6c4f3765dd41a150f760c5f725516028a6be30e58255e3c668/ruff-0.12.12-py3-none-manylinux_2_17_ppc64.manylinux2014_ppc64.whl", hash = "sha256:59f909c0fdd8f1dcdbfed0b9569b8bf428cf144bec87d9de298dcd4723f5bee8", size = 14638365, upload-time = "2025-09-04T16:49:38.892Z" },
    { url = "https://files.pythonhosted.org/packages/74/5d/88f3f06a142f58ecc8ecb0c2fe0b82343e2a2b04dcd098809f717cf74b6c/ruff-0.12.12-py3-none-manylinux_2_17_ppc64le.manylinux2014_ppc64le.whl", hash = "sha256:9ac93d87047e765336f0c18eacad51dad0c1c33c9df7484c40f98e1d773876f5", size = 14060812, upload-time = "2025-09-04T16:49:42.732Z" },
    { url = "https://files.pythonhosted.org/packages/13/fc/8962e7ddd2e81863d5c92400820f650b86f97ff919c59836fbc4c1a6d84c/ruff-0.12.12-py3-none-manylinux_2_17_s390x.manylinux2014_s390x.whl", hash = "sha256:01543c137fd3650d322922e8b14cc133b8ea734617c4891c5a9fccf4bfc9aa92", size = 13050208, upload-time = "2025-09-04T16:49:46.434Z" },
    { url = "https://files.pythonhosted.org/packages/53/06/8deb52d48a9a624fd37390555d9589e719eac568c020b27e96eed671f25f/ruff-0.12.12-py3-none-manylinux_2_17_x86_64.manylinux2014_x86_64.whl", hash = "sha256:2afc2fa864197634e549d87fb1e7b6feb01df0a80fd510d6489e1ce8c0b1cc45", size = 13311444, upload-time = "2025-09-04T16:49:49.931Z" },
    { url = "https://files.pythonhosted.org/packages/2a/81/de5a29af7eb8f341f8140867ffb93f82e4fde7256dadee79016ac87c2716/ruff-0.12.12-py3-none-manylinux_2_31_riscv64.whl", hash = "sha256:0c0945246f5ad776cb8925e36af2438e66188d2b57d9cf2eed2c382c58b371e5", size = 13279474, upload-time = "2025-09-04T16:49:53.465Z" },
    { url = "https://files.pythonhosted.org/packages/7f/14/d9577fdeaf791737ada1b4f5c6b59c21c3326f3f683229096cccd7674e0c/ruff-0.12.12-py3-none-musllinux_1_2_aarch64.whl", hash = "sha256:a0fbafe8c58e37aae28b84a80ba1817f2ea552e9450156018a478bf1fa80f4e4", size = 12070204, upload-time = "2025-09-04T16:49:56.882Z" },
    { url = "https://files.pythonhosted.org/packages/77/04/a910078284b47fad54506dc0af13839c418ff704e341c176f64e1127e461/ruff-0.12.12-py3-none-musllinux_1_2_armv7l.whl", hash = "sha256:b9c456fb2fc8e1282affa932c9e40f5ec31ec9cbb66751a316bd131273b57c23", size = 11880347, upload-time = "2025-09-04T16:49:59.729Z" },
    { url = "https://files.pythonhosted.org/packages/df/58/30185fcb0e89f05e7ea82e5817b47798f7fa7179863f9d9ba6fd4fe1b098/ruff-0.12.12-py3-none-musllinux_1_2_i686.whl", hash = "sha256:5f12856123b0ad0147d90b3961f5c90e7427f9acd4b40050705499c98983f489", size = 12891844, upload-time = "2025-09-04T16:50:02.591Z" },
    { url = "https://files.pythonhosted.org/packages/21/9c/28a8dacce4855e6703dcb8cdf6c1705d0b23dd01d60150786cd55aa93b16/ruff-0.12.12-py3-none-musllinux_1_2_x86_64.whl", hash = "sha256:26a1b5a2bf7dd2c47e3b46d077cd9c0fc3b93e6c6cc9ed750bd312ae9dc302ee", size = 13360687, upload-time = "2025-09-04T16:50:05.8Z" },
    { url = "https://files.pythonhosted.org/packages/c8/fa/05b6428a008e60f79546c943e54068316f32ec8ab5c4f73e4563934fbdc7/ruff-0.12.12-py3-none-win32.whl", hash = "sha256:173be2bfc142af07a01e3a759aba6f7791aa47acf3604f610b1c36db888df7b1", size = 12052870, upload-time = "2025-09-04T16:50:09.121Z" },
    { url = "https://files.pythonhosted.org/packages/85/60/d1e335417804df452589271818749d061b22772b87efda88354cf35cdb7a/ruff-0.12.12-py3-none-win_amd64.whl", hash = "sha256:e99620bf01884e5f38611934c09dd194eb665b0109104acae3ba6102b600fd0d", size = 13178016, upload-time = "2025-09-04T16:50:12.559Z" },
    { url = "https://files.pythonhosted.org/packages/28/7e/61c42657f6e4614a4258f1c3b0c5b93adc4d1f8575f5229d1906b483099b/ruff-0.12.12-py3-none-win_arm64.whl", hash = "sha256:2a8199cab4ce4d72d158319b63370abf60991495fb733db96cd923a34c52d093", size = 12256762, upload-time = "2025-09-04T16:50:15.737Z" },
]

[[package]]
name = "secretstorage"
version = "3.3.3"
source = { registry = "https://pypi.org/simple" }
dependencies = [
    { name = "cryptography" },
    { name = "jeepney" },
]
sdist = { url = "https://files.pythonhosted.org/packages/53/a4/f48c9d79cb507ed1373477dbceaba7401fd8a23af63b837fa61f1dcd3691/SecretStorage-3.3.3.tar.gz", hash = "sha256:2403533ef369eca6d2ba81718576c5e0f564d5cca1b58f73a8b23e7d4eeebd77", size = 19739, upload-time = "2022-08-13T16:22:46.976Z" }
wheels = [
    { url = "https://files.pythonhosted.org/packages/54/24/b4293291fa1dd830f353d2cb163295742fa87f179fcc8a20a306a81978b7/SecretStorage-3.3.3-py3-none-any.whl", hash = "sha256:f356e6628222568e3af06f2eba8df495efa13b3b63081dafd4f7d9a7b7bc9f99", size = 15221, upload-time = "2022-08-13T16:22:44.457Z" },
]

[[package]]
name = "todo"
version = "0.1.4"
source = { virtual = "." }
dependencies = [
    { name = "click" },
    { name = "jsonpickle" },
    { name = "keyring" },
    { name = "todoist-api-python" },
]

[package.dev-dependencies]
dev = [
    { name = "ruff" },
]

[package.metadata]
requires-dist = [
    { name = "click", specifier = ">=8.3.3" },
    { name = "jsonpickle", specifier = ">=4.1.1" },
    { name = "keyring", specifier = ">=25.6.0" },
    { name = "todoist-api-python", specifier = ">=3.1.0" },
]

[package.metadata.requires-dev]
dev = [{ name = "ruff", specifier = "==0.12.12" }]

[[package]]
name = "todoist-api-python"
version = "4.0.0"
source = { registry = "https://pypi.org/simple" }
dependencies = [
    { name = "annotated-types" },
    { name = "dataclass-wizard" },
    { name = "httpx" },
]
sdist = { url = "https://files.pythonhosted.org/packages/0c/43/a3dcb178937026abbb8a7d8f7ddd86d8c390f3752766dfc26c072684d5b3/todoist_api_python-4.0.0.tar.gz", hash = "sha256:2e8acbaa4ea7aae05a640bd24690ca020ef8044610b0dcf4df85b8a788a43872", size = 24875, upload-time = "2026-03-25T10:11:13.318Z" }
wheels = [
    { url = "https://files.pythonhosted.org/packages/f0/43/7728ffb2118934a0b356316adfd0bc564400b1844ca804c24ecab2be424e/todoist_api_python-4.0.0-py3-none-any.whl", hash = "sha256:6b435f5fbf48da2faf7cb846a0de3b6719a33461958512d2adb4546494c195de", size = 28296, upload-time = "2026-03-25T10:11:12.091Z" },
]
